
Microsoft Visual Studio Solution File, Format Version 12.00
# Visual Studio 2012
Project("{FAE04EC0-301F-11D3-BF4B-00C04F79EFBC}") = "ToDoListFlux", "ToDoListFlux\ToDoListFlux\ToDoListFlux.csproj", "{1F7A250C-C62A-4BF0-8E36-7823FADFD75B}"
EndProject
Project("{FAE04EC0-301F-11D3-BF4B-00C04F79EFBC}") = "ToDoListFlux.Android", "ToDoListFlux\ToDoListFlux.Android\ToDoListFlux.Android.csproj", "{FE1F1ACA-8666-4A09-8952-E5AB0F3DCA67}"
EndProject
Project("{FAE04EC0-301F-11D3-BF4B-00C04F79EFBC}") = "ToDoListFlux.iOS", "ToDoListFlux\ToDoListFlux.iOS\ToDoListFlux.iOS.csproj", "{7B49967E-B35D-48CD-850C-1483C0242590}"
EndProject
Global
	GlobalSection(SolutionConfigurationPlatforms) = preSolution
		Debug|Any CPU = Debug|Any CPU
		Release|Any CPU = Release|Any CPU
		Debug|iPhoneSimulator = Debug|iPhoneSimulator
		Release|iPhoneSimulator = Release|iPhoneSimulator
		Debug|iPhone = Debug|iPhone
		Release|iPhone = Release|iPhone
		Ad-Hoc|iPhone = Ad-Hoc|iPhone
		AppStore|iPhone = AppStore|iPhone
	EndGlobalSection
	GlobalSection(ProjectConfigurationPlatforms) = postSolution
		{1F7A250C-C62A-4BF0-8E36-7823FADFD75B}.Debug|Any CPU.ActiveCfg = Debug|Any CPU
		{1F7A250C-C62A-4BF0-8E36-7823FADFD75B}.Debug|Any CPU.Build.0 = Debug|Any CPU
		{1F7A250C-C62A-4BF0-8E36-7823FADFD75B}.Release|Any CPU.ActiveCfg = Release|Any CPU
		{1F7A250C-C62A-4BF0-8E36-7823FADFD75B}.Release|Any CPU.Build.0 = Release|Any CPU
		{1F7A250C-C62A-4BF0-8E36-7823FADFD75B}.Debug|iPhoneSimulator.ActiveCfg = Debug|Any CPU
		{1F7A250C-C62A-4BF0-8E36-7823FADFD75B}.Debug|iPhoneSimulator.Build.0 = Debug|Any CPU
		{1F7A250C-C62A-4BF0-8E36-7823FADFD75B}.Release|iPhoneSimulator.ActiveCfg = Release|Any CPU
		{1F7A250C-C62A-4BF0-8E36-7823FADFD75B}.Release|iPhoneSimulator.Build.0 = Release|Any CPU
		{1F7A250C-C62A-4BF0-8E36-7823FADFD75B}.Debug|iPhone.ActiveCfg = Debug|Any CPU
		{1F7A250C-C62A-4BF0-8E36-7823FADFD75B}.Debug|iPhone.Build.0 = Debug|Any CPU
		{1F7A250C-C62A-4BF0-8E36-7823FADFD75B}.Release|iPhone.ActiveCfg = Release|Any CPU
		{1F7A250C-C62A-4BF0-8E36-7823FADFD75B}.Release|iPhone.Build.0 = Release|Any CPU
		{1F7A250C-C62A-4BF0-8E36-7823FADFD75B}.Ad-Hoc|iPhone.ActiveCfg = Debug|Any CPU
		{1F7A250C-C62A-4BF0-8E36-7823FADFD75B}.Ad-Hoc|iPhone.Build.0 = Debug|Any CPU
		{1F7A250C-C62A-4BF0-8E36-7823FADFD75B}.AppStore|iPhone.ActiveCfg = Debug|Any CPU
		{1F7A250C-C62A-4BF0-8E36-7823FADFD75B}.AppStore|iPhone.Build.0 = Debug|Any CPU
		{FE1F1ACA-8666-4A09-8952-E5AB0F3DCA67}.Debug|Any CPU.ActiveCfg = Debug|Any CPU
		{FE1F1ACA-8666-4A09-8952-E5AB0F3DCA67}.Debug|Any CPU.Build.0 = Debug|Any CPU
		{FE1F1ACA-8666-4A09-8952-E5AB0F3DCA67}.Release|Any CPU.ActiveCfg = Release|Any CPU
		{FE1F1ACA-8666-4A09-8952-E5AB0F3DCA67}.Release|Any CPU.Build.0 = Release|Any CPU
		{FE1F1ACA-8666-4A09-8952-E5AB0F3DCA67}.Debug|iPhoneSimulator.ActiveCfg = Debug|Any CPU
		{FE1F1ACA-8666-4A09-8952-E5AB0F3DCA67}.Debug|iPhoneSimulator.Build.0 = Debug|Any CPU
		{FE1F1ACA-8666-4A09-8952-E5AB0F3DCA67}.Release|iPhoneSimulator.ActiveCfg = Release|Any CPU
		{FE1F1ACA-8666-4A09-8952-E5AB0F3DCA67}.Release|iPhoneSimulator.Build.0 = Release|Any CPU
		{FE1F1ACA-8666-4A09-8952-E5AB0F3DCA67}.Debug|iPhone.ActiveCfg = Debug|Any CPU
		{FE1F1ACA-8666-4A09-8952-E5AB0F3DCA67}.Debug|iPhone.Build.0 = Debug|Any CPU
		{FE1F1ACA-8666-4A09-8952-E5AB0F3DCA67}.Release|iPhone.ActiveCfg = Release|Any CPU
		{FE1F1ACA-8666-4A09-8952-E5AB0F3DCA67}.Release|iPhone.Build.0 = Release|Any CPU
		{FE1F1ACA-8666-4A09-8952-E5AB0F3DCA67}.Ad-Hoc|iPhone.ActiveCfg = Debug|Any CPU
		{FE1F1ACA-8666-4A09-8952-E5AB0F3DCA67}.Ad-Hoc|iPhone.Build.0 = Debug|Any CPU
		{FE1F1ACA-8666-4A09-8952-E5AB0F3DCA67}.AppStore|iPhone.ActiveCfg = Debug|Any CPU
		{FE1F1ACA-8666-4A09-8952-E5AB0F3DCA67}.AppStore|iPhone.Build.0 = Debug|Any CPU
		{7B49967E-B35D-48CD-850C-1483C0242590}.Debug|Any CPU.ActiveCfg = Debug|iPhoneSimulator
		{7B49967E-B35D-48CD-850C-1483C0242590}.Debug|Any CPU.Build.0 = Debug|iPhoneSimulator
		{7B49967E-B35D-48CD-850C-1483C0242590}.Release|Any CPU.ActiveCfg = Release|iPhoneSimulator
		{7B49967E-B35D-48CD-850C-1483C0242590}.Release|Any CPU.Build.0 = Release|iPhoneSimulator
		{7B49967E-B35D-48CD-850C-1483C0242590}.Debug|iPhoneSimulator.ActiveCfg = Debug|iPhoneSimulator
		{7B49967E-B35D-48CD-850C-1483C0242590}.Debug|iPhoneSimulator.Build.0 = Debug|iPhoneSimulator
		{7B49967E-B35D-48CD-850C-1483C0242590}.Release|iPhoneSimulator.ActiveCfg = Release|iPhoneSimulator
		{7B49967E-B35D-48CD-850C-1483C0242590}.Release|iPhoneSimulator.Build.0 = Release|iPhoneSimulator
		{7B49967E-B35D-48CD-850C-1483C0242590}.Debug|iPhone.ActiveCfg = Debug|iPhone
		{7B49967E-B35D-48CD-850C-1483C0242590}.Debug|iPhone.Build.0 = Debug|iPhone
		{7B49967E-B35D-48CD-850C-1483C0242590}.Release|iPhone.ActiveCfg = Release|iPhone
		{7B49967E-B35D-48CD-850C-1483C0242590}.Release|iPhone.Build.0 = Release|iPhone
		{7B49967E-B35D-48CD-850C-1483C0242590}.Ad-Hoc|iPhone.ActiveCfg = Ad-Hoc|iPhone
		{7B49967E-B35D-48CD-850C-1483C0242590}.Ad-Hoc|iPhone.Build.0 = Ad-Hoc|iPhone
		{7B49967E-B35D-48CD-850C-1483C0242590}.AppStore|iPhone.ActiveCfg = AppStore|iPhone
		{7B49967E-B35D-48CD-850C-1483C0242590}.AppStore|iPhone.Build.0 = AppStore|iPhone
	EndGlobalSection
EndGlobal
